
Microsoft Visual Studio Solution File, Format Version 12.00
# Visual Studio Version 17
VisualStudioVersion = 17.6.33815.320
MinimumVisualStudioVersion = 10.0.40219.1
Project("{FAE04EC0-301F-11D3-BF4B-00C04F79EFBC}") = "BancoAPI", "BancoAPI\BancoAPI.csproj", "{8902EAA9-70FE-4B7E-8C77-61E478984726}"
EndProject
Project("{2150E333-8FDC-42A3-9474-1A3956D46DE8}") = "Solution Items", "Solution Items", "{F770371C-2258-4724-B141-BC98DCCBE0E9}"
	ProjectSection(SolutionItems) = preProject
		.editorconfig = .editorconfig
	EndProjectSection
EndProject
Global
	GlobalSection(SolutionConfigurationPlatforms) = preSolution
		Debug|Any CPU = Debug|Any CPU
		Release|Any CPU = Release|Any CPU
	EndGlobalSection
	GlobalSection(ProjectConfigurationPlatforms) = postSolution
		{8902EAA9-70FE-4B7E-8C77-61E478984726}.Debug|Any CPU.ActiveCfg = Debug|Any CPU
		{8902EAA9-70FE-4B7E-8C77-61E478984726}.Debug|Any CPU.Build.0 = Debug|Any CPU
		{8902EAA9-70FE-4B7E-8C77-61E478984726}.Release|Any CPU.ActiveCfg = Release|Any CPU
		{8902EAA9-70FE-4B7E-8C77-61E478984726}.Release|Any CPU.Build.0 = Release|Any CPU
	EndGlobalSection
	GlobalSection(SolutionProperties) = preSolution
		HideSolutionNode = FALSE
	EndGlobalSection
	GlobalSection(ExtensibilityGlobals) = postSolution
		SolutionGuid = {093DED8E-9488-40EF-B534-F3B48EFFBA93}
	EndGlobalSection
EndGlobal
